
Microsoft Visual Studio Solution File, Format Version 12.00
# Visual Studio Version 16
VisualStudioVersion = 16.0.31410.357
MinimumVisualStudioVersion = 10.0.40219.1
Project("{FAE04EC0-301F-11D3-BF4B-00C04F79EFBC}") = "WpfApp2", "WpfApp2\WpfApp2.csproj", "{15F8D699-4E63-49A0-A944-8C8ED811FCA8}"
EndProject
Project("{FAE04EC0-301F-11D3-BF4B-00C04F79EFBC}") = "UnitTestProject1", "UnitTestProject1\UnitTestProject1.csproj", "{BC84E900-4F8D-4F76-88C6-3FF7DA225FA0}"
EndProject
Global
	GlobalSection(SolutionConfigurationPlatforms) = preSolution
		Debug|Any CPU = Debug|Any CPU
		Release|Any CPU = Release|Any CPU
	EndGlobalSection
	GlobalSection(ProjectConfigurationPlatforms) = postSolution
		{15F8D699-4E63-49A0-A944-8C8ED811FCA8}.Debug|Any CPU.ActiveCfg = Debug|Any CPU
		{15F8D699-4E63-49A0-A944-8C8ED811FCA8}.Debug|Any CPU.Build.0 = Debug|Any CPU
		{15F8D699-4E63-49A0-A944-8C8ED811FCA8}.Release|Any CPU.ActiveCfg = Release|Any CPU
		{15F8D699-4E63-49A0-A944-8C8ED811FCA8}.Release|Any CPU.Build.0 = Release|Any CPU
		{BC84E900-4F8D-4F76-88C6-3FF7DA225FA0}.Debug|Any CPU.ActiveCfg = Debug|Any CPU
		{BC84E900-4F8D-4F76-88C6-3FF7DA225FA0}.Debug|Any CPU.Build.0 = Debug|Any CPU
		{BC84E900-4F8D-4F76-88C6-3FF7DA225FA0}.Release|Any CPU.ActiveCfg = Release|Any CPU
		{BC84E900-4F8D-4F76-88C6-3FF7DA225FA0}.Release|Any CPU.Build.0 = Release|Any CPU
	EndGlobalSection
	GlobalSection(SolutionProperties) = preSolution
		HideSolutionNode = FALSE
	EndGlobalSection
	GlobalSection(ExtensibilityGlobals) = postSolution
		SolutionGuid = {12A7D429-F831-4ACD-8984-7D3F7B80B6CC}
	EndGlobalSection
EndGlobal
